<?xml version="1.0" encoding="utf-8"?>
<Project ToolsVersion="4.0" xmlns="http://schemas.microsoft.com/developer/msbuild/2003">
  <ItemGroup>
    <Filter Include="Source Files">
      <UniqueIdentifier>{4FC737F1-C7A5-4376-A066-2A32D752A2FF}</UniqueIdentifier>
      <Extensions>cpp;c;cc;cxx;c++;cppm;ixx;def;odl;idl;hpj;bat;asm;asmx</Extensions>
    </Filter>
    <Filter Include="Header Files">
      <UniqueIdentifier>{93995380-89BD-4b04-88EB-625FBE52EBFB}</UniqueIdentifier>
      <Extensions>h;hh;hpp;hxx;h++;hm;inl;inc;ipp;xsd</Extensions>
    </Filter>
    <Filter Include="Resource Files">
      <UniqueIdentifier>{67DA6AB6-F800-4c08-8B7A-83BB121AAD01}</UniqueIdentifier>
      <Extensions>rc;ico;cur;bmp;dlg;rc2;rct;bin;rgs;gif;jpg;jpeg;jpe;resx;tiff;tif;png;wav;mfcribbon-ms</Extensions>
    </Filter>
  </ItemGroup>
  <ItemGroup>
    <ClCompile Include="include\Executors\executor.h">
      <Filter>Source Files</Filter>
    </ClCompile>
    <ClCompile Include="src\Executors\executor.c">
      <Filter>Source Files</Filter>
    </ClCompile>
    <ClCompile Include="src\database_ts\database_t.c">
      <Filter>Source Files</Filter>
    </ClCompile>
    <ClCompile Include="src\database_ts\sql_result.c">
      <Filter>Source Files</Filter>
    </ClCompile>
    <ClCompile Include="src\database_ts\sql_value.c">
      <Filter>Source Files</Filter>
    </ClCompile>
    <ClCompile Include="src\database_ts\table.c">
      <Filter>Source Files</Filter>
    </ClCompile>
    <ClCompile Include="src\config.c">
      <Filter>Source Files</Filter>
    </ClCompile>
    <ClCompile Include="src\dll_handler.c">
      <Filter>Source Files</Filter>
    </ClCompile>
    <ClCompile Include="src\http_request.c">
      <Filter>Source Files</Filter>
    </ClCompile>
    <ClCompile Include="src\http_response.c">
      <Filter>Source Files</Filter>
    </ClCompile>
    <ClCompile Include="src\json_builder.c">
      <Filter>Source Files</Filter>
    </ClCompile>
    <ClCompile Include="src\json_object.c">
      <Filter>Source Files</Filter>
    </ClCompile>
    <ClCompile Include="src\web_framework.c">
      <Filter>Source Files</Filter>
    </ClCompile>
    <ClCompile Include="src\web_framework_exception.c">
      <Filter>Source Files</Filter>
    </ClCompile>
    <ClCompile Include="src\json_parser.c">
      <Filter>Source Files</Filter>
    </ClCompile>
    <ClCompile Include="src\Utility\web_ramework_utility.c">
      <Filter>Source Files</Filter>
    </ClCompile>
    <ClCompile Include="src\Utility\web_framework_localization.c">
      <Filter>Source Files</Filter>
    </ClCompile>
    <ClCompile Include="src\load_balancer_heuristic.c">
      <Filter>Source Files</Filter>
    </ClCompile>
  </ItemGroup>
  <ItemGroup>
    <ClInclude Include="include\import.h">
      <Filter>Header Files</Filter>
    </ClInclude>
    <ClInclude Include="include\web_framework.h">
      <Filter>Header Files</Filter>
    </ClInclude>
    <ClInclude Include="include\config.h">
      <Filter>Header Files</Filter>
    </ClInclude>
    <ClInclude Include="include\dll_handler.h">
      <Filter>Header Files</Filter>
    </ClInclude>
    <ClInclude Include="include\web_framework_exception.h">
      <Filter>Header Files</Filter>
    </ClInclude>
    <ClInclude Include="include\http_request.h">
      <Filter>Header Files</Filter>
    </ClInclude>
    <ClInclude Include="include\http_response.h">
      <Filter>Header Files</Filter>
    </ClInclude>
    <ClInclude Include="include\json_object.h">
      <Filter>Header Files</Filter>
    </ClInclude>
    <ClInclude Include="include\json_builder.h">
      <Filter>Header Files</Filter>
    </ClInclude>
    <ClInclude Include="include\json_parser.h">
      <Filter>Header Files</Filter>
    </ClInclude>
    <ClInclude Include="include\database_ts\database_t.h">
      <Filter>Header Files</Filter>
    </ClInclude>
    <ClInclude Include="include\database_ts\table.h">
      <Filter>Header Files</Filter>
    </ClInclude>
    <ClInclude Include="include\database_ts\sql_value.h">
      <Filter>Header Files</Filter>
    </ClInclude>
    <ClInclude Include="include\database_ts\sql_result.h">
      <Filter>Header Files</Filter>
    </ClInclude>
    <ClInclude Include="include\Utility\web_framework_utility.h">
      <Filter>Header Files</Filter>
    </ClInclude>
    <ClInclude Include="include\Utility\web_framework_localization.h">
      <Filter>Header Files</Filter>
    </ClInclude>
    <ClInclude Include="include\load_balancer_heuristic.h">
      <Filter>Header Files</Filter>
    </ClInclude>
  </ItemGroup>
</Project>