
Microsoft Visual Studio Solution File, Format Version 12.00
# Visual Studio Version 17
VisualStudioVersion = 17.10.35027.167
MinimumVisualStudioVersion = 10.0.40219.1
Project("{9A19103F-16F7-4668-BE54-9A1E7A4F7556}") = "CSharpAPI", "CSharpAPI\CSharpAPI.csproj", "{1BBEC1C6-04E1-4058-B1A0-9C0957E77C2E}"
EndProject
Project("{9A19103F-16F7-4668-BE54-9A1E7A4F7556}") = "CSharpServer", "CSharpServer\CSharpServer.csproj", "{58320F69-A8F4-41CC-A64A-D903AA01D7EE}"
EndProject
Project("{9A19103F-16F7-4668-BE54-9A1E7A4F7556}") = "CSharpProxyServer", "CSharpProxyServer\CSharpProxyServer.csproj", "{B3A7AEBD-01C1-410C-BF35-A9F06C74117E}"
EndProject
Project("{9A19103F-16F7-4668-BE54-9A1E7A4F7556}") = "CSharpLoadBalancerServer", "CSharpLoadBalancerServer\CSharpLoadBalancerServer.csproj", "{B7CF8C93-FFC5-4236-A3B5-C671492066AE}"
EndProject
Global
	GlobalSection(SolutionConfigurationPlatforms) = preSolution
		Debug|AnyCPU = Debug|AnyCPU
		Release|AnyCPU = Release|AnyCPU
	EndGlobalSection
	GlobalSection(ProjectConfigurationPlatforms) = postSolution
		{1BBEC1C6-04E1-4058-B1A0-9C0957E77C2E}.Debug|AnyCPU.ActiveCfg = Debug|Any CPU
		{1BBEC1C6-04E1-4058-B1A0-9C0957E77C2E}.Debug|AnyCPU.Build.0 = Debug|Any CPU
		{1BBEC1C6-04E1-4058-B1A0-9C0957E77C2E}.Release|AnyCPU.ActiveCfg = Release|Any CPU
		{1BBEC1C6-04E1-4058-B1A0-9C0957E77C2E}.Release|AnyCPU.Build.0 = Release|Any CPU
		{58320F69-A8F4-41CC-A64A-D903AA01D7EE}.Debug|AnyCPU.ActiveCfg = Debug|Any CPU
		{58320F69-A8F4-41CC-A64A-D903AA01D7EE}.Debug|AnyCPU.Build.0 = Debug|Any CPU
		{58320F69-A8F4-41CC-A64A-D903AA01D7EE}.Release|AnyCPU.ActiveCfg = Release|Any CPU
		{58320F69-A8F4-41CC-A64A-D903AA01D7EE}.Release|AnyCPU.Build.0 = Release|Any CPU
		{B3A7AEBD-01C1-410C-BF35-A9F06C74117E}.Debug|AnyCPU.ActiveCfg = Debug|Any CPU
		{B3A7AEBD-01C1-410C-BF35-A9F06C74117E}.Debug|AnyCPU.Build.0 = Debug|Any CPU
		{B3A7AEBD-01C1-410C-BF35-A9F06C74117E}.Release|AnyCPU.ActiveCfg = Release|Any CPU
		{B3A7AEBD-01C1-410C-BF35-A9F06C74117E}.Release|AnyCPU.Build.0 = Release|Any CPU
		{B7CF8C93-FFC5-4236-A3B5-C671492066AE}.Debug|AnyCPU.ActiveCfg = Debug|Any CPU
		{B7CF8C93-FFC5-4236-A3B5-C671492066AE}.Debug|AnyCPU.Build.0 = Debug|Any CPU
		{B7CF8C93-FFC5-4236-A3B5-C671492066AE}.Release|AnyCPU.ActiveCfg = Release|Any CPU
		{B7CF8C93-FFC5-4236-A3B5-C671492066AE}.Release|AnyCPU.Build.0 = Release|Any CPU
	EndGlobalSection
	GlobalSection(SolutionProperties) = preSolution
		HideSolutionNode = FALSE
	EndGlobalSection
	GlobalSection(ExtensibilityGlobals) = postSolution
		SolutionGuid = {7D9092B3-ADFD-49DC-8548-247DD93E75AC}
	EndGlobalSection
EndGlobal
