
Microsoft Visual Studio Solution File, Format Version 12.00
# Visual Studio Version 18
VisualStudioVersion = 18.0.11205.157 d18.0
MinimumVisualStudioVersion = 10.0.40219.1
Project("{8BC9CEB8-8B4A-11D0-8D11-00A0C91BC942}") = "VisualStudioSample", "VisualStudioSample\VisualStudioSample.vcxproj", "{7185EB3F-7D2C-43B0-A675-EEC6B504BC70}"
EndProject
Project("{2150E333-8FDC-42A3-9474-1A3956D46DE8}") = "Dependencies", "Dependencies", "{02EA681E-C7D8-13C7-8484-4AC65E1B71E8}"
EndProject
Project("{8BC9CEB8-8B4A-11D0-8D11-00A0C91BC942}") = "WebFramework", "..\..\WebFramework\WebFramework.vcxproj", "{E66352D0-66C8-4BAE-85E4-4715D53FD651}"
EndProject
Project("{8BC9CEB8-8B4A-11D0-8D11-00A0C91BC942}") = "WebFrameworkCore", "..\..\WebFrameworkCore\WebFrameworkCore.vcxproj", "{E852AA58-2286-41F3-8A93-44E08C0EFC97}"
EndProject
Project("{8BC9CEB8-8B4A-11D0-8D11-00A0C91BC942}") = "WebFrameworkExecutors", "..\..\WebFrameworkExecutors\WebFrameworkExecutors.vcxproj", "{FA69E899-F0D2-4C8E-96DC-2AA61854665C}"
EndProject
Project("{8BC9CEB8-8B4A-11D0-8D11-00A0C91BC942}") = "BaseTCPServer", "..\..\BaseTCPServer\BaseTCPServer.vcxproj", "{D29045D5-A3E0-4B1F-BF3F-7A7395A22B13}"
EndProject
Project("{8BC9CEB8-8B4A-11D0-8D11-00A0C91BC942}") = "FileManager", "..\..\FileManager\FileManager.vcxproj", "{1ECA0169-41DD-48B1-A53F-8355BAE79B40}"
EndProject
Project("{8BC9CEB8-8B4A-11D0-8D11-00A0C91BC942}") = "INIParser", "..\..\INIParser\INIParser.vcxproj", "{CE5F5455-0E8A-49E8-BE46-0A12ED898352}"
EndProject
Project("{8BC9CEB8-8B4A-11D0-8D11-00A0C91BC942}") = "Localization", "..\..\Localization\Localization.vcxproj", "{D2968AC9-BAC3-4F25-9698-5C1CF6C4FA35}"
EndProject
Project("{8BC9CEB8-8B4A-11D0-8D11-00A0C91BC942}") = "Log", "..\..\Log\Log.vcxproj", "{89755E92-D5A7-4FA6-B227-7DDC3BBA9AA1}"
EndProject
Project("{8BC9CEB8-8B4A-11D0-8D11-00A0C91BC942}") = "JSON", "..\..\Networks\HTTP\JSON\JSON.vcxproj", "{F6B57139-D9F3-4B02-AA92-4E1F417649DA}"
EndProject
Project("{8BC9CEB8-8B4A-11D0-8D11-00A0C91BC942}") = "HTTP", "..\..\Networks\HTTP\HTTP.vcxproj", "{CD88B391-B7B9-47D5-AF8D-153FCB2B5A2B}"
EndProject
Project("{8BC9CEB8-8B4A-11D0-8D11-00A0C91BC942}") = "SocketStreams", "..\..\Networks\SocketStreams\SocketStreams.vcxproj", "{8BB9F3BD-68F4-403A-ACC6-F85C75F5D14F}"
EndProject
Project("{8BC9CEB8-8B4A-11D0-8D11-00A0C91BC942}") = "Networks", "..\..\Networks\Networks.vcxproj", "{E3C5B070-57F3-4E11-9701-FDCC108AECB3}"
EndProject
Project("{8BC9CEB8-8B4A-11D0-8D11-00A0C91BC942}") = "ThreadPool", "..\..\ThreadPool\ThreadPool.vcxproj", "{BDE48484-5593-484F-9F84-FC01F8CF83A9}"
EndProject
Project("{8BC9CEB8-8B4A-11D0-8D11-00A0C91BC942}") = "UtilityLibrary", "..\..\UtilityLibrary\UtilityLibrary.vcxproj", "{F71A5E4A-5242-4FA9-B614-5C0603ADC678}"
EndProject
Project("{8BC9CEB8-8B4A-11D0-8D11-00A0C91BC942}") = "CXX_API", "..\..\API\CXX_API\CXX_API.vcxproj", "{3F4D262A-28BD-49D4-BB24-A83363263739}"
EndProject
Project("{8BC9CEB8-8B4A-11D0-8D11-00A0C91BC942}") = "SHA256", "..\..\SHA256\SHA256.vcxproj", "{91F7FB1E-1D8D-4544-99E2-23D409D666AB}"
EndProject
Project("{8BC9CEB8-8B4A-11D0-8D11-00A0C91BC942}") = "CXXExecutors", "CXXExecutors\CXXExecutors.vcxproj", "{69729C71-7EF7-4854-A6B4-3A87ACD90602}"
EndProject
Project("{8BC9CEB8-8B4A-11D0-8D11-00A0C91BC942}") = "Databases", "..\..\Databases\Databases.vcxproj", "{2F9BD34B-DE1C-4C0E-8131-8AA7274C0081}"
EndProject
Project("{2150E333-8FDC-42A3-9474-1A3956D46DE8}") = "3rdparty", "3rdparty", "{980BC23C-8F2A-4FBC-A052-30318EA29203}"
EndProject
Project("{8BC9CEB8-8B4A-11D0-8D11-00A0C91BC942}") = "cmark-gfm", "..\..\3rdparty\cmark-gfm\cmark-gfm.vcxproj", "{66216D2F-5851-404B-AF2A-DA5F216F54AF}"
EndProject
Project("{8BC9CEB8-8B4A-11D0-8D11-00A0C91BC942}") = "Python_API", "..\..\API\Python_API\Python_API.vcxproj", "{C74350E0-4F4E-482F-BA34-87C35CDE54AE}"
EndProject
Project("{8BC9CEB8-8B4A-11D0-8D11-00A0C91BC942}") = "pybind11", "..\..\3rdparty\pybind11\pybind11.vcxproj", "{FA38C2DC-A207-4048-8C9C-D75BFCACD77B}"
EndProject
Project("{8BC9CEB8-8B4A-11D0-8D11-00A0C91BC942}") = "DotNetRuntime", "..\..\3rdparty\DotNetRuntime\DotNetRuntime.vcxproj", "{C05C4838-8CF9-4965-9C91-B4CF4258576C}"
EndProject
Global
	GlobalSection(SolutionConfigurationPlatforms) = preSolution
		Debug|x64 = Debug|x64
		Release|x64 = Release|x64
	EndGlobalSection
	GlobalSection(ProjectConfigurationPlatforms) = postSolution
		{7185EB3F-7D2C-43B0-A675-EEC6B504BC70}.Debug|x64.ActiveCfg = Debug|x64
		{7185EB3F-7D2C-43B0-A675-EEC6B504BC70}.Debug|x64.Build.0 = Debug|x64
		{7185EB3F-7D2C-43B0-A675-EEC6B504BC70}.Release|x64.ActiveCfg = Release|x64
		{7185EB3F-7D2C-43B0-A675-EEC6B504BC70}.Release|x64.Build.0 = Release|x64
		{E66352D0-66C8-4BAE-85E4-4715D53FD651}.Debug|x64.ActiveCfg = Debug|x64
		{E66352D0-66C8-4BAE-85E4-4715D53FD651}.Debug|x64.Build.0 = Debug|x64
		{E66352D0-66C8-4BAE-85E4-4715D53FD651}.Release|x64.ActiveCfg = Release|x64
		{E66352D0-66C8-4BAE-85E4-4715D53FD651}.Release|x64.Build.0 = Release|x64
		{E852AA58-2286-41F3-8A93-44E08C0EFC97}.Debug|x64.ActiveCfg = Debug|x64
		{E852AA58-2286-41F3-8A93-44E08C0EFC97}.Debug|x64.Build.0 = Debug|x64
		{E852AA58-2286-41F3-8A93-44E08C0EFC97}.Release|x64.ActiveCfg = Release|x64
		{E852AA58-2286-41F3-8A93-44E08C0EFC97}.Release|x64.Build.0 = Release|x64
		{FA69E899-F0D2-4C8E-96DC-2AA61854665C}.Debug|x64.ActiveCfg = Debug|x64
		{FA69E899-F0D2-4C8E-96DC-2AA61854665C}.Debug|x64.Build.0 = Debug|x64
		{FA69E899-F0D2-4C8E-96DC-2AA61854665C}.Release|x64.ActiveCfg = Release|x64
		{FA69E899-F0D2-4C8E-96DC-2AA61854665C}.Release|x64.Build.0 = Release|x64
		{D29045D5-A3E0-4B1F-BF3F-7A7395A22B13}.Debug|x64.ActiveCfg = Debug|x64
		{D29045D5-A3E0-4B1F-BF3F-7A7395A22B13}.Debug|x64.Build.0 = Debug|x64
		{D29045D5-A3E0-4B1F-BF3F-7A7395A22B13}.Release|x64.ActiveCfg = Release|x64
		{D29045D5-A3E0-4B1F-BF3F-7A7395A22B13}.Release|x64.Build.0 = Release|x64
		{1ECA0169-41DD-48B1-A53F-8355BAE79B40}.Debug|x64.ActiveCfg = Debug|x64
		{1ECA0169-41DD-48B1-A53F-8355BAE79B40}.Debug|x64.Build.0 = Debug|x64
		{1ECA0169-41DD-48B1-A53F-8355BAE79B40}.Release|x64.ActiveCfg = Release|x64
		{1ECA0169-41DD-48B1-A53F-8355BAE79B40}.Release|x64.Build.0 = Release|x64
		{CE5F5455-0E8A-49E8-BE46-0A12ED898352}.Debug|x64.ActiveCfg = Debug|x64
		{CE5F5455-0E8A-49E8-BE46-0A12ED898352}.Debug|x64.Build.0 = Debug|x64
		{CE5F5455-0E8A-49E8-BE46-0A12ED898352}.Release|x64.ActiveCfg = Release|x64
		{CE5F5455-0E8A-49E8-BE46-0A12ED898352}.Release|x64.Build.0 = Release|x64
		{D2968AC9-BAC3-4F25-9698-5C1CF6C4FA35}.Debug|x64.ActiveCfg = Debug|x64
		{D2968AC9-BAC3-4F25-9698-5C1CF6C4FA35}.Debug|x64.Build.0 = Debug|x64
		{D2968AC9-BAC3-4F25-9698-5C1CF6C4FA35}.Release|x64.ActiveCfg = Release|x64
		{D2968AC9-BAC3-4F25-9698-5C1CF6C4FA35}.Release|x64.Build.0 = Release|x64
		{89755E92-D5A7-4FA6-B227-7DDC3BBA9AA1}.Debug|x64.ActiveCfg = Debug|x64
		{89755E92-D5A7-4FA6-B227-7DDC3BBA9AA1}.Debug|x64.Build.0 = Debug|x64
		{89755E92-D5A7-4FA6-B227-7DDC3BBA9AA1}.Release|x64.ActiveCfg = Release|x64
		{89755E92-D5A7-4FA6-B227-7DDC3BBA9AA1}.Release|x64.Build.0 = Release|x64
		{F6B57139-D9F3-4B02-AA92-4E1F417649DA}.Debug|x64.ActiveCfg = Debug|x64
		{F6B57139-D9F3-4B02-AA92-4E1F417649DA}.Debug|x64.Build.0 = Debug|x64
		{F6B57139-D9F3-4B02-AA92-4E1F417649DA}.Release|x64.ActiveCfg = Release|x64
		{F6B57139-D9F3-4B02-AA92-4E1F417649DA}.Release|x64.Build.0 = Release|x64
		{CD88B391-B7B9-47D5-AF8D-153FCB2B5A2B}.Debug|x64.ActiveCfg = Debug|x64
		{CD88B391-B7B9-47D5-AF8D-153FCB2B5A2B}.Debug|x64.Build.0 = Debug|x64
		{CD88B391-B7B9-47D5-AF8D-153FCB2B5A2B}.Release|x64.ActiveCfg = Release|x64
		{CD88B391-B7B9-47D5-AF8D-153FCB2B5A2B}.Release|x64.Build.0 = Release|x64
		{8BB9F3BD-68F4-403A-ACC6-F85C75F5D14F}.Debug|x64.ActiveCfg = Debug|x64
		{8BB9F3BD-68F4-403A-ACC6-F85C75F5D14F}.Debug|x64.Build.0 = Debug|x64
		{8BB9F3BD-68F4-403A-ACC6-F85C75F5D14F}.Release|x64.ActiveCfg = Release|x64
		{8BB9F3BD-68F4-403A-ACC6-F85C75F5D14F}.Release|x64.Build.0 = Release|x64
		{E3C5B070-57F3-4E11-9701-FDCC108AECB3}.Debug|x64.ActiveCfg = Debug|x64
		{E3C5B070-57F3-4E11-9701-FDCC108AECB3}.Debug|x64.Build.0 = Debug|x64
		{E3C5B070-57F3-4E11-9701-FDCC108AECB3}.Release|x64.ActiveCfg = Release|x64
		{E3C5B070-57F3-4E11-9701-FDCC108AECB3}.Release|x64.Build.0 = Release|x64
		{BDE48484-5593-484F-9F84-FC01F8CF83A9}.Debug|x64.ActiveCfg = Debug|x64
		{BDE48484-5593-484F-9F84-FC01F8CF83A9}.Debug|x64.Build.0 = Debug|x64
		{BDE48484-5593-484F-9F84-FC01F8CF83A9}.Release|x64.ActiveCfg = Release|x64
		{BDE48484-5593-484F-9F84-FC01F8CF83A9}.Release|x64.Build.0 = Release|x64
		{F71A5E4A-5242-4FA9-B614-5C0603ADC678}.Debug|x64.ActiveCfg = Debug|x64
		{F71A5E4A-5242-4FA9-B614-5C0603ADC678}.Debug|x64.Build.0 = Debug|x64
		{F71A5E4A-5242-4FA9-B614-5C0603ADC678}.Release|x64.ActiveCfg = Release|x64
		{F71A5E4A-5242-4FA9-B614-5C0603ADC678}.Release|x64.Build.0 = Release|x64
		{3F4D262A-28BD-49D4-BB24-A83363263739}.Debug|x64.ActiveCfg = Debug|x64
		{3F4D262A-28BD-49D4-BB24-A83363263739}.Debug|x64.Build.0 = Debug|x64
		{3F4D262A-28BD-49D4-BB24-A83363263739}.Release|x64.ActiveCfg = Release|x64
		{3F4D262A-28BD-49D4-BB24-A83363263739}.Release|x64.Build.0 = Release|x64
		{91F7FB1E-1D8D-4544-99E2-23D409D666AB}.Debug|x64.ActiveCfg = Debug|x64
		{91F7FB1E-1D8D-4544-99E2-23D409D666AB}.Debug|x64.Build.0 = Debug|x64
		{91F7FB1E-1D8D-4544-99E2-23D409D666AB}.Release|x64.ActiveCfg = Release|x64
		{91F7FB1E-1D8D-4544-99E2-23D409D666AB}.Release|x64.Build.0 = Release|x64
		{69729C71-7EF7-4854-A6B4-3A87ACD90602}.Debug|x64.ActiveCfg = Debug|x64
		{69729C71-7EF7-4854-A6B4-3A87ACD90602}.Debug|x64.Build.0 = Debug|x64
		{69729C71-7EF7-4854-A6B4-3A87ACD90602}.Release|x64.ActiveCfg = Release|x64
		{69729C71-7EF7-4854-A6B4-3A87ACD90602}.Release|x64.Build.0 = Release|x64
		{2F9BD34B-DE1C-4C0E-8131-8AA7274C0081}.Debug|x64.ActiveCfg = Debug|x64
		{2F9BD34B-DE1C-4C0E-8131-8AA7274C0081}.Debug|x64.Build.0 = Debug|x64
		{2F9BD34B-DE1C-4C0E-8131-8AA7274C0081}.Release|x64.ActiveCfg = Release|x64
		{2F9BD34B-DE1C-4C0E-8131-8AA7274C0081}.Release|x64.Build.0 = Release|x64
		{66216D2F-5851-404B-AF2A-DA5F216F54AF}.Debug|x64.ActiveCfg = Debug|x64
		{66216D2F-5851-404B-AF2A-DA5F216F54AF}.Debug|x64.Build.0 = Debug|x64
		{66216D2F-5851-404B-AF2A-DA5F216F54AF}.Release|x64.ActiveCfg = Release|x64
		{66216D2F-5851-404B-AF2A-DA5F216F54AF}.Release|x64.Build.0 = Release|x64
		{C74350E0-4F4E-482F-BA34-87C35CDE54AE}.Debug|x64.ActiveCfg = Debug|x64
		{C74350E0-4F4E-482F-BA34-87C35CDE54AE}.Debug|x64.Build.0 = Debug|x64
		{C74350E0-4F4E-482F-BA34-87C35CDE54AE}.Release|x64.ActiveCfg = Release|x64
		{C74350E0-4F4E-482F-BA34-87C35CDE54AE}.Release|x64.Build.0 = Release|x64
		{FA38C2DC-A207-4048-8C9C-D75BFCACD77B}.Debug|x64.ActiveCfg = Debug|x64
		{FA38C2DC-A207-4048-8C9C-D75BFCACD77B}.Debug|x64.Build.0 = Debug|x64
		{FA38C2DC-A207-4048-8C9C-D75BFCACD77B}.Release|x64.ActiveCfg = Release|x64
		{FA38C2DC-A207-4048-8C9C-D75BFCACD77B}.Release|x64.Build.0 = Release|x64
		{C05C4838-8CF9-4965-9C91-B4CF4258576C}.Debug|x64.ActiveCfg = Debug|x64
		{C05C4838-8CF9-4965-9C91-B4CF4258576C}.Debug|x64.Build.0 = Debug|x64
		{C05C4838-8CF9-4965-9C91-B4CF4258576C}.Release|x64.ActiveCfg = Release|x64
		{C05C4838-8CF9-4965-9C91-B4CF4258576C}.Release|x64.Build.0 = Release|x64
	EndGlobalSection
	GlobalSection(SolutionProperties) = preSolution
		HideSolutionNode = FALSE
	EndGlobalSection
	GlobalSection(NestedProjects) = preSolution
		{E66352D0-66C8-4BAE-85E4-4715D53FD651} = {02EA681E-C7D8-13C7-8484-4AC65E1B71E8}
		{E852AA58-2286-41F3-8A93-44E08C0EFC97} = {02EA681E-C7D8-13C7-8484-4AC65E1B71E8}
		{FA69E899-F0D2-4C8E-96DC-2AA61854665C} = {02EA681E-C7D8-13C7-8484-4AC65E1B71E8}
		{D29045D5-A3E0-4B1F-BF3F-7A7395A22B13} = {02EA681E-C7D8-13C7-8484-4AC65E1B71E8}
		{1ECA0169-41DD-48B1-A53F-8355BAE79B40} = {02EA681E-C7D8-13C7-8484-4AC65E1B71E8}
		{CE5F5455-0E8A-49E8-BE46-0A12ED898352} = {02EA681E-C7D8-13C7-8484-4AC65E1B71E8}
		{D2968AC9-BAC3-4F25-9698-5C1CF6C4FA35} = {02EA681E-C7D8-13C7-8484-4AC65E1B71E8}
		{89755E92-D5A7-4FA6-B227-7DDC3BBA9AA1} = {02EA681E-C7D8-13C7-8484-4AC65E1B71E8}
		{F6B57139-D9F3-4B02-AA92-4E1F417649DA} = {02EA681E-C7D8-13C7-8484-4AC65E1B71E8}
		{CD88B391-B7B9-47D5-AF8D-153FCB2B5A2B} = {02EA681E-C7D8-13C7-8484-4AC65E1B71E8}
		{8BB9F3BD-68F4-403A-ACC6-F85C75F5D14F} = {02EA681E-C7D8-13C7-8484-4AC65E1B71E8}
		{E3C5B070-57F3-4E11-9701-FDCC108AECB3} = {02EA681E-C7D8-13C7-8484-4AC65E1B71E8}
		{BDE48484-5593-484F-9F84-FC01F8CF83A9} = {02EA681E-C7D8-13C7-8484-4AC65E1B71E8}
		{F71A5E4A-5242-4FA9-B614-5C0603ADC678} = {02EA681E-C7D8-13C7-8484-4AC65E1B71E8}
		{3F4D262A-28BD-49D4-BB24-A83363263739} = {02EA681E-C7D8-13C7-8484-4AC65E1B71E8}
		{91F7FB1E-1D8D-4544-99E2-23D409D666AB} = {02EA681E-C7D8-13C7-8484-4AC65E1B71E8}
		{2F9BD34B-DE1C-4C0E-8131-8AA7274C0081} = {02EA681E-C7D8-13C7-8484-4AC65E1B71E8}
		{66216D2F-5851-404B-AF2A-DA5F216F54AF} = {980BC23C-8F2A-4FBC-A052-30318EA29203}
		{C74350E0-4F4E-482F-BA34-87C35CDE54AE} = {02EA681E-C7D8-13C7-8484-4AC65E1B71E8}
		{FA38C2DC-A207-4048-8C9C-D75BFCACD77B} = {980BC23C-8F2A-4FBC-A052-30318EA29203}
		{C05C4838-8CF9-4965-9C91-B4CF4258576C} = {980BC23C-8F2A-4FBC-A052-30318EA29203}
	EndGlobalSection
	GlobalSection(ExtensibilityGlobals) = postSolution
		SolutionGuid = {3381BD60-3EF3-4F31-858A-DD62BAD18F6E}
	EndGlobalSection
EndGlobal
