<Solution>
  <Configurations>
    <Platform Name="Any CPU" />
    <Platform Name="x64" />
    <Platform Name="x86" />
  </Configurations>
  <Project Path="CoreExecutors/CoreExecutors.csproj" />
  <Project Path="CSharp.vcxproj" />
  <Project Path="DatabaseExecutors/DatabaseExecutors.csproj" />
  <Project Path="LoadBalancerExecutors/LoadBalancerExecutors.csproj" />
</Solution>
